PODS:
  - FBSnapshotTestCase (2.1.4):
    - FBSnapshotTestCase/SwiftSupport (= 2.1.4)
  - FBSnapshotTestCase/Core (2.1.4)
  - FBSnapshotTestCase/SwiftSupport (2.1.4):
    - FBSnapshotTestCase/Core
  - MTimeCountDown (0.1.0)

DEPENDENCIES:
  - FBSnapshotTestCase
  - MTimeCountDown (from `../`)

EXTERNAL SOURCES:
  MTimeCountDown:
    :path: ../

SPEC CHECKSUMS:
  FBSnapshotTestCase: 094f9f314decbabe373b87cc339bea235a63e07a
  MTimeCountDown: ac38dd9f827f9d978aa4e357729945dcf567713d

PODFILE CHECKSUM: f36041d1ab13a248b236d3503c7b09acbdfdef81

COCOAPODS: 1.2.0
